
Microsoft Visual Studio Solution File, Format Version 12.00
# Visual Studio Version 17
VisualStudioVersion = 17.0.31903.59
MinimumVisualStudioVersion = 10.0.40219.1
Project("{FAE04EC0-301F-11D3-BF4B-00C04F79EFBC}") = "GraphqlApiAidBox", "src/GraphqlApiAidBox.csproj", "{D37C4C3A-297E-4397-BA8D-CC759063A5F7}"
EndProject
Project("{FAE04EC0-301F-11D3-BF4B-00C04F79EFBC}") = "GraphqlApiAidBox.Tests", "Tests\GraphqlApiAidBox.Tests.csproj", "{A5CC5B6D-2C43-47D9-9CAF-E6D27DD3AAB4}"
EndProject
Global
	GlobalSection(SolutionConfigurationPlatforms) = preSolution
		Debug|Any CPU = Debug|Any CPU
		Release|Any CPU = Release|Any CPU
	EndGlobalSection
	GlobalSection(SolutionProperties) = preSolution
		HideSolutionNode = FALSE
	EndGlobalSection
	GlobalSection(ProjectConfigurationPlatforms) = postSolution
		{D37C4C3A-297E-4397-BA8D-CC759063A5F7}.Debug|Any CPU.ActiveCfg = Debug|Any CPU
		{D37C4C3A-297E-4397-BA8D-CC759063A5F7}.Debug|Any CPU.Build.0 = Debug|Any CPU
		{D37C4C3A-297E-4397-BA8D-CC759063A5F7}.Release|Any CPU.ActiveCfg = Release|Any CPU
		{D37C4C3A-297E-4397-BA8D-CC759063A5F7}.Release|Any CPU.Build.0 = Release|Any CPU
		{A5CC5B6D-2C43-47D9-9CAF-E6D27DD3AAB4}.Debug|Any CPU.ActiveCfg = Debug|Any CPU
		{A5CC5B6D-2C43-47D9-9CAF-E6D27DD3AAB4}.Debug|Any CPU.Build.0 = Debug|Any CPU
		{A5CC5B6D-2C43-47D9-9CAF-E6D27DD3AAB4}.Release|Any CPU.ActiveCfg = Release|Any CPU
		{A5CC5B6D-2C43-47D9-9CAF-E6D27DD3AAB4}.Release|Any CPU.Build.0 = Release|Any CPU
	EndGlobalSection
EndGlobal
